
Microsoft Visual Studio Solution File, Format Version 12.00
# Visual Studio Version 16
VisualStudioVersion = 25.0.1705.4
MinimumVisualStudioVersion = 10.0.40219.1
Project("{FAE04EC0-301F-11D3-BF4B-00C04F79EFBC}") = "VariantsofTrees", "VariantsofTrees.csproj", "{8EECBEC9-C793-4FE8-833B-EA8E93E391F8}"
EndProject
Global
	GlobalSection(SolutionConfigurationPlatforms) = preSolution
		Debug|Any CPU = Debug|Any CPU
		Release|Any CPU = Release|Any CPU
	EndGlobalSection
	GlobalSection(ProjectConfigurationPlatforms) = postSolution
		{8EECBEC9-C793-4FE8-833B-EA8E93E391F8}.Debug|Any CPU.ActiveCfg = Debug|Any CPU
		{8EECBEC9-C793-4FE8-833B-EA8E93E391F8}.Debug|Any CPU.Build.0 = Debug|Any CPU
		{8EECBEC9-C793-4FE8-833B-EA8E93E391F8}.Release|Any CPU.ActiveCfg = Release|Any CPU
		{8EECBEC9-C793-4FE8-833B-EA8E93E391F8}.Release|Any CPU.Build.0 = Release|Any CPU
	EndGlobalSection
	GlobalSection(SolutionProperties) = preSolution
		HideSolutionNode = FALSE
	EndGlobalSection
	GlobalSection(ExtensibilityGlobals) = postSolution
		SolutionGuid = {669F541D-D470-47B5-84B9-6B01DC4FBD87}
	EndGlobalSection
EndGlobal
